
Microsoft Visual Studio Solution File, Format Version 12.00
# Visual Studio Version 17
VisualStudioVersion = 17.3.32825.248
MinimumVisualStudioVersion = 10.0.40219.1
Project("{FAE04EC0-301F-11D3-BF4B-00C04F79EFBC}") = "IoTStorageSystem", "IoTStorageSystem\IoTStorageSystem.csproj", "{F0F1B208-46AD-432E-B7BA-0EB52E4831B5}"
EndProject
Global
	GlobalSection(SolutionConfigurationPlatforms) = preSolution
		Debug|Any CPU = Debug|Any CPU
		Release|Any CPU = Release|Any CPU
	EndGlobalSection
	GlobalSection(ProjectConfigurationPlatforms) = postSolution
		{F0F1B208-46AD-432E-B7BA-0EB52E4831B5}.Debug|Any CPU.ActiveCfg = Debug|Any CPU
		{F0F1B208-46AD-432E-B7BA-0EB52E4831B5}.Debug|Any CPU.Build.0 = Debug|Any CPU
		{F0F1B208-46AD-432E-B7BA-0EB52E4831B5}.Release|Any CPU.ActiveCfg = Release|Any CPU
		{F0F1B208-46AD-432E-B7BA-0EB52E4831B5}.Release|Any CPU.Build.0 = Release|Any CPU
	EndGlobalSection
	GlobalSection(SolutionProperties) = preSolution
		HideSolutionNode = FALSE
	EndGlobalSection
	GlobalSection(ExtensibilityGlobals) = postSolution
		SolutionGuid = {51F8A111-1E7C-4E5C-AEF9-04C6B26E51D8}
	EndGlobalSection
EndGlobal
